
Microsoft Visual Studio Solution File, Format Version 12.00
# Visual Studio Version 16
VisualStudioVersion = 16.0.30225.117
MinimumVisualStudioVersion = 10.0.40219.1
Project("{FAE04EC0-301F-11D3-BF4B-00C04F79EFBC}") = "Samplenetcoreapp", "Samplenetcoreapp.csproj", "{1FC90119-0837-4A87-8EF3-02725B67314C}"
EndProject
Global
	GlobalSection(SolutionConfigurationPlatforms) = preSolution
		Debug|Any CPU = Debug|Any CPU
		Release|Any CPU = Release|Any CPU
	EndGlobalSection
	GlobalSection(ProjectConfigurationPlatforms) = postSolution
		{1FC90119-0837-4A87-8EF3-02725B67314C}.Debug|Any CPU.ActiveCfg = Debug|Any CPU
		{1FC90119-0837-4A87-8EF3-02725B67314C}.Debug|Any CPU.Build.0 = Debug|Any CPU
		{1FC90119-0837-4A87-8EF3-02725B67314C}.Release|Any CPU.ActiveCfg = Release|Any CPU
		{1FC90119-0837-4A87-8EF3-02725B67314C}.Release|Any CPU.Build.0 = Release|Any CPU
	EndGlobalSection
	GlobalSection(SolutionProperties) = preSolution
		HideSolutionNode = FALSE
	EndGlobalSection
	GlobalSection(ExtensibilityGlobals) = postSolution
		SolutionGuid = {1B0D91F3-63C0-4422-8608-FA04625B46C1}
	EndGlobalSection
EndGlobal
